
Microsoft Visual Studio Solution File, Format Version 12.00
# Visual Studio Version 17
VisualStudioVersion = 17.7.34202.233
MinimumVisualStudioVersion = 10.0.40219.1
Project("{8BC9CEB8-8B4A-11D0-8D11-00A0C91BC942}") = "01 Simple exception", "01 Simple exception.vcxproj", "{765BE580-5B62-4DB5-A37E-1BAB7EAC0DCF}"
EndProject
Global
	GlobalSection(SolutionConfigurationPlatforms) = preSolution
		Debug|x64 = Debug|x64
		Debug|x86 = Debug|x86
		Release|x64 = Release|x64
		Release|x86 = Release|x86
	EndGlobalSection
	GlobalSection(ProjectConfigurationPlatforms) = postSolution
		{765BE580-5B62-4DB5-A37E-1BAB7EAC0DCF}.Debug|x64.ActiveCfg = Debug|x64
		{765BE580-5B62-4DB5-A37E-1BAB7EAC0DCF}.Debug|x64.Build.0 = Debug|x64
		{765BE580-5B62-4DB5-A37E-1BAB7EAC0DCF}.Debug|x86.ActiveCfg = Debug|Win32
		{765BE580-5B62-4DB5-A37E-1BAB7EAC0DCF}.Debug|x86.Build.0 = Debug|Win32
		{765BE580-5B62-4DB5-A37E-1BAB7EAC0DCF}.Release|x64.ActiveCfg = Release|x64
		{765BE580-5B62-4DB5-A37E-1BAB7EAC0DCF}.Release|x64.Build.0 = Release|x64
		{765BE580-5B62-4DB5-A37E-1BAB7EAC0DCF}.Release|x86.ActiveCfg = Release|Win32
		{765BE580-5B62-4DB5-A37E-1BAB7EAC0DCF}.Release|x86.Build.0 = Release|Win32
	EndGlobalSection
	GlobalSection(SolutionProperties) = preSolution
		HideSolutionNode = FALSE
	EndGlobalSection
	GlobalSection(ExtensibilityGlobals) = postSolution
		SolutionGuid = {CD1EE4C2-0000-4F8A-8959-AC710B7ED0D4}
	EndGlobalSection
EndGlobal
