
Microsoft Visual Studio Solution File, Format Version 12.00
# Visual Studio Version 17
VisualStudioVersion = 17.7.34202.233
MinimumVisualStudioVersion = 10.0.40219.1
Project("{8BC9CEB8-8B4A-11D0-8D11-00A0C91BC942}") = "Netology", "Netology.vcxproj", "{D7DFD079-5DAA-4289-85E7-E4BDBD489E65}"
EndProject
Project("{8BC9CEB8-8B4A-11D0-8D11-00A0C91BC942}") = "01 (Visual Studio)", "cppm\01\01 (Visual Studio)\01 (Visual Studio).vcxproj", "{669C4A89-5567-4CDC-A986-4A8E8FC67B33}"
EndProject
Project("{8BC9CEB8-8B4A-11D0-8D11-00A0C91BC942}") = "02 Задача 1. Месяцы", "cppm\02\01 (Months)\01 (Months).vcxproj", "{F4B8A791-6929-49C7-99E0-E62CD83F01AE}"
EndProject
Project("{8BC9CEB8-8B4A-11D0-8D11-00A0C91BC942}") = "02 Задача 2. Счета", "cppm\02\02 (Bills)\02 (Bills).vcxproj", "{A14436F6-BCFC-4FB4-940A-12A4B100E2BA}"
EndProject
Project("{8BC9CEB8-8B4A-11D0-8D11-00A0C91BC942}") = "02 Задача 3. Вывод структуры", "cppm\02\03 (Struct output)\03 (Struct output).vcxproj", "{6F90A456-DFA2-4499-88BC-637DFBF79DFB}"
EndProject
Project("{8BC9CEB8-8B4A-11D0-8D11-00A0C91BC942}") = "03 Задача 1. Калькулятор двух чисел", "cppm\03\01 (Calculator)\01 (Calculator).vcxproj", "{7CAF47A6-6F5F-4412-9D34-18587B5D79F4}"
EndProject
Project("{8BC9CEB8-8B4A-11D0-8D11-00A0C91BC942}") = "03 Задача 2. Счётчик", "cppm\03\02 (Counter)\02 (Counter).vcxproj", "{F36D88FF-2B7F-4339-932D-A87BE283D879}"
EndProject
Project("{8BC9CEB8-8B4A-11D0-8D11-00A0C91BC942}") = "04 01. Адреса", "cppm\04\01 (Addresses)\01 (Addresses).vcxproj", "{EC5169EA-0031-41F4-8AF6-26EFE6367891}"
EndProject
Project("{8BC9CEB8-8B4A-11D0-8D11-00A0C91BC942}") = "04 02 (Address sorting)", "cppm\04\02 (Address sorting)\02 (Address sorting).vcxproj", "{65E8B9AA-45A6-466D-9F3E-65E9FF18A20F}"
EndProject
Project("{8BC9CEB8-8B4A-11D0-8D11-00A0C91BC942}") = "05 01 Figures. Number of sides", "cppm\05\01 Figures. Number of sides\01 Figures. Number of sides.vcxproj", "{0044BDD6-BBAF-49FB-B443-22A9F6DD5989}"
EndProject
Project("{8BC9CEB8-8B4A-11D0-8D11-00A0C91BC942}") = "05 02 Figures. Sides and corners", "cppm\05\02 Figures. Sides and corners\02 Figures. Sides and corners.vcxproj", "{423094F5-0C7C-4657-A566-C4F08C3E8EFB}"
EndProject
Project("{8BC9CEB8-8B4A-11D0-8D11-00A0C91BC942}") = "03 Figures. Methods", "cppm\05\03 Figures. Methods\03 Figures. Methods.vcxproj", "{E84C583A-1F8E-493D-96CA-31BC0A43101D}"
EndProject
Global
	GlobalSection(SolutionConfigurationPlatforms) = preSolution
		Debug|x64 = Debug|x64
		Debug|x86 = Debug|x86
		Release|x64 = Release|x64
		Release|x86 = Release|x86
	EndGlobalSection
	GlobalSection(ProjectConfigurationPlatforms) = postSolution
		{D7DFD079-5DAA-4289-85E7-E4BDBD489E65}.Debug|x64.ActiveCfg = Debug|x64
		{D7DFD079-5DAA-4289-85E7-E4BDBD489E65}.Debug|x64.Build.0 = Debug|x64
		{D7DFD079-5DAA-4289-85E7-E4BDBD489E65}.Debug|x86.ActiveCfg = Debug|Win32
		{D7DFD079-5DAA-4289-85E7-E4BDBD489E65}.Debug|x86.Build.0 = Debug|Win32
		{D7DFD079-5DAA-4289-85E7-E4BDBD489E65}.Release|x64.ActiveCfg = Release|x64
		{D7DFD079-5DAA-4289-85E7-E4BDBD489E65}.Release|x64.Build.0 = Release|x64
		{D7DFD079-5DAA-4289-85E7-E4BDBD489E65}.Release|x86.ActiveCfg = Release|Win32
		{D7DFD079-5DAA-4289-85E7-E4BDBD489E65}.Release|x86.Build.0 = Release|Win32
		{669C4A89-5567-4CDC-A986-4A8E8FC67B33}.Debug|x64.ActiveCfg = Debug|x64
		{669C4A89-5567-4CDC-A986-4A8E8FC67B33}.Debug|x64.Build.0 = Debug|x64
		{669C4A89-5567-4CDC-A986-4A8E8FC67B33}.Debug|x86.ActiveCfg = Debug|Win32
		{669C4A89-5567-4CDC-A986-4A8E8FC67B33}.Debug|x86.Build.0 = Debug|Win32
		{669C4A89-5567-4CDC-A986-4A8E8FC67B33}.Release|x64.ActiveCfg = Release|x64
		{669C4A89-5567-4CDC-A986-4A8E8FC67B33}.Release|x64.Build.0 = Release|x64
		{669C4A89-5567-4CDC-A986-4A8E8FC67B33}.Release|x86.ActiveCfg = Release|Win32
		{669C4A89-5567-4CDC-A986-4A8E8FC67B33}.Release|x86.Build.0 = Release|Win32
		{F4B8A791-6929-49C7-99E0-E62CD83F01AE}.Debug|x64.ActiveCfg = Debug|x64
		{F4B8A791-6929-49C7-99E0-E62CD83F01AE}.Debug|x64.Build.0 = Debug|x64
		{F4B8A791-6929-49C7-99E0-E62CD83F01AE}.Debug|x86.ActiveCfg = Debug|Win32
		{F4B8A791-6929-49C7-99E0-E62CD83F01AE}.Debug|x86.Build.0 = Debug|Win32
		{F4B8A791-6929-49C7-99E0-E62CD83F01AE}.Release|x64.ActiveCfg = Release|x64
		{F4B8A791-6929-49C7-99E0-E62CD83F01AE}.Release|x64.Build.0 = Release|x64
		{F4B8A791-6929-49C7-99E0-E62CD83F01AE}.Release|x86.ActiveCfg = Release|Win32
		{F4B8A791-6929-49C7-99E0-E62CD83F01AE}.Release|x86.Build.0 = Release|Win32
		{A14436F6-BCFC-4FB4-940A-12A4B100E2BA}.Debug|x64.ActiveCfg = Debug|x64
		{A14436F6-BCFC-4FB4-940A-12A4B100E2BA}.Debug|x64.Build.0 = Debug|x64
		{A14436F6-BCFC-4FB4-940A-12A4B100E2BA}.Debug|x86.ActiveCfg = Debug|Win32
		{A14436F6-BCFC-4FB4-940A-12A4B100E2BA}.Debug|x86.Build.0 = Debug|Win32
		{A14436F6-BCFC-4FB4-940A-12A4B100E2BA}.Release|x64.ActiveCfg = Release|x64
		{A14436F6-BCFC-4FB4-940A-12A4B100E2BA}.Release|x64.Build.0 = Release|x64
		{A14436F6-BCFC-4FB4-940A-12A4B100E2BA}.Release|x86.ActiveCfg = Release|Win32
		{A14436F6-BCFC-4FB4-940A-12A4B100E2BA}.Release|x86.Build.0 = Release|Win32
		{6F90A456-DFA2-4499-88BC-637DFBF79DFB}.Debug|x64.ActiveCfg = Debug|x64
		{6F90A456-DFA2-4499-88BC-637DFBF79DFB}.Debug|x64.Build.0 = Debug|x64
		{6F90A456-DFA2-4499-88BC-637DFBF79DFB}.Debug|x86.ActiveCfg = Debug|Win32
		{6F90A456-DFA2-4499-88BC-637DFBF79DFB}.Debug|x86.Build.0 = Debug|Win32
		{6F90A456-DFA2-4499-88BC-637DFBF79DFB}.Release|x64.ActiveCfg = Release|x64
		{6F90A456-DFA2-4499-88BC-637DFBF79DFB}.Release|x64.Build.0 = Release|x64
		{6F90A456-DFA2-4499-88BC-637DFBF79DFB}.Release|x86.ActiveCfg = Release|Win32
		{6F90A456-DFA2-4499-88BC-637DFBF79DFB}.Release|x86.Build.0 = Release|Win32
		{7CAF47A6-6F5F-4412-9D34-18587B5D79F4}.Debug|x64.ActiveCfg = Debug|x64
		{7CAF47A6-6F5F-4412-9D34-18587B5D79F4}.Debug|x64.Build.0 = Debug|x64
		{7CAF47A6-6F5F-4412-9D34-18587B5D79F4}.Debug|x86.ActiveCfg = Debug|Win32
		{7CAF47A6-6F5F-4412-9D34-18587B5D79F4}.Debug|x86.Build.0 = Debug|Win32
		{7CAF47A6-6F5F-4412-9D34-18587B5D79F4}.Release|x64.ActiveCfg = Release|x64
		{7CAF47A6-6F5F-4412-9D34-18587B5D79F4}.Release|x64.Build.0 = Release|x64
		{7CAF47A6-6F5F-4412-9D34-18587B5D79F4}.Release|x86.ActiveCfg = Release|Win32
		{7CAF47A6-6F5F-4412-9D34-18587B5D79F4}.Release|x86.Build.0 = Release|Win32
		{F36D88FF-2B7F-4339-932D-A87BE283D879}.Debug|x64.ActiveCfg = Debug|x64
		{F36D88FF-2B7F-4339-932D-A87BE283D879}.Debug|x64.Build.0 = Debug|x64
		{F36D88FF-2B7F-4339-932D-A87BE283D879}.Debug|x86.ActiveCfg = Debug|Win32
		{F36D88FF-2B7F-4339-932D-A87BE283D879}.Debug|x86.Build.0 = Debug|Win32
		{F36D88FF-2B7F-4339-932D-A87BE283D879}.Release|x64.ActiveCfg = Release|x64
		{F36D88FF-2B7F-4339-932D-A87BE283D879}.Release|x64.Build.0 = Release|x64
		{F36D88FF-2B7F-4339-932D-A87BE283D879}.Release|x86.ActiveCfg = Release|Win32
		{F36D88FF-2B7F-4339-932D-A87BE283D879}.Release|x86.Build.0 = Release|Win32
		{EC5169EA-0031-41F4-8AF6-26EFE6367891}.Debug|x64.ActiveCfg = Debug|x64
		{EC5169EA-0031-41F4-8AF6-26EFE6367891}.Debug|x64.Build.0 = Debug|x64
		{EC5169EA-0031-41F4-8AF6-26EFE6367891}.Debug|x86.ActiveCfg = Debug|Win32
		{EC5169EA-0031-41F4-8AF6-26EFE6367891}.Debug|x86.Build.0 = Debug|Win32
		{EC5169EA-0031-41F4-8AF6-26EFE6367891}.Release|x64.ActiveCfg = Release|x64
		{EC5169EA-0031-41F4-8AF6-26EFE6367891}.Release|x64.Build.0 = Release|x64
		{EC5169EA-0031-41F4-8AF6-26EFE6367891}.Release|x86.ActiveCfg = Release|Win32
		{EC5169EA-0031-41F4-8AF6-26EFE6367891}.Release|x86.Build.0 = Release|Win32
		{65E8B9AA-45A6-466D-9F3E-65E9FF18A20F}.Debug|x64.ActiveCfg = Debug|x64
		{65E8B9AA-45A6-466D-9F3E-65E9FF18A20F}.Debug|x64.Build.0 = Debug|x64
		{65E8B9AA-45A6-466D-9F3E-65E9FF18A20F}.Debug|x86.ActiveCfg = Debug|Win32
		{65E8B9AA-45A6-466D-9F3E-65E9FF18A20F}.Debug|x86.Build.0 = Debug|Win32
		{65E8B9AA-45A6-466D-9F3E-65E9FF18A20F}.Release|x64.ActiveCfg = Release|x64
		{65E8B9AA-45A6-466D-9F3E-65E9FF18A20F}.Release|x64.Build.0 = Release|x64
		{65E8B9AA-45A6-466D-9F3E-65E9FF18A20F}.Release|x86.ActiveCfg = Release|Win32
		{65E8B9AA-45A6-466D-9F3E-65E9FF18A20F}.Release|x86.Build.0 = Release|Win32
		{0044BDD6-BBAF-49FB-B443-22A9F6DD5989}.Debug|x64.ActiveCfg = Debug|x64
		{0044BDD6-BBAF-49FB-B443-22A9F6DD5989}.Debug|x64.Build.0 = Debug|x64
		{0044BDD6-BBAF-49FB-B443-22A9F6DD5989}.Debug|x86.ActiveCfg = Debug|Win32
		{0044BDD6-BBAF-49FB-B443-22A9F6DD5989}.Debug|x86.Build.0 = Debug|Win32
		{0044BDD6-BBAF-49FB-B443-22A9F6DD5989}.Release|x64.ActiveCfg = Release|x64
		{0044BDD6-BBAF-49FB-B443-22A9F6DD5989}.Release|x64.Build.0 = Release|x64
		{0044BDD6-BBAF-49FB-B443-22A9F6DD5989}.Release|x86.ActiveCfg = Release|Win32
		{0044BDD6-BBAF-49FB-B443-22A9F6DD5989}.Release|x86.Build.0 = Release|Win32
		{423094F5-0C7C-4657-A566-C4F08C3E8EFB}.Debug|x64.ActiveCfg = Debug|x64
		{423094F5-0C7C-4657-A566-C4F08C3E8EFB}.Debug|x64.Build.0 = Debug|x64
		{423094F5-0C7C-4657-A566-C4F08C3E8EFB}.Debug|x86.ActiveCfg = Debug|Win32
		{423094F5-0C7C-4657-A566-C4F08C3E8EFB}.Debug|x86.Build.0 = Debug|Win32
		{423094F5-0C7C-4657-A566-C4F08C3E8EFB}.Release|x64.ActiveCfg = Release|x64
		{423094F5-0C7C-4657-A566-C4F08C3E8EFB}.Release|x64.Build.0 = Release|x64
		{423094F5-0C7C-4657-A566-C4F08C3E8EFB}.Release|x86.ActiveCfg = Release|Win32
		{423094F5-0C7C-4657-A566-C4F08C3E8EFB}.Release|x86.Build.0 = Release|Win32
		{E84C583A-1F8E-493D-96CA-31BC0A43101D}.Debug|x64.ActiveCfg = Debug|x64
		{E84C583A-1F8E-493D-96CA-31BC0A43101D}.Debug|x64.Build.0 = Debug|x64
		{E84C583A-1F8E-493D-96CA-31BC0A43101D}.Debug|x86.ActiveCfg = Debug|Win32
		{E84C583A-1F8E-493D-96CA-31BC0A43101D}.Debug|x86.Build.0 = Debug|Win32
		{E84C583A-1F8E-493D-96CA-31BC0A43101D}.Release|x64.ActiveCfg = Release|x64
		{E84C583A-1F8E-493D-96CA-31BC0A43101D}.Release|x64.Build.0 = Release|x64
		{E84C583A-1F8E-493D-96CA-31BC0A43101D}.Release|x86.ActiveCfg = Release|Win32
		{E84C583A-1F8E-493D-96CA-31BC0A43101D}.Release|x86.Build.0 = Release|Win32
	EndGlobalSection
	GlobalSection(SolutionProperties) = preSolution
		HideSolutionNode = FALSE
	EndGlobalSection
	GlobalSection(ExtensibilityGlobals) = postSolution
		SolutionGuid = {A66494F3-4B15-4218-8D45-0AEAD31CEEF6}
	EndGlobalSection
EndGlobal
